{
  "name": "multipart-stream",
  "lockfileVersion": 3,
  "requires": true,
  "packages": {
    "": {
      "dependencies": {
        "@fastify/busboy": "^3.2.1"
      }
    },
    "node_modules/@fastify/busboy": {
      "version": "3.2.1",
      "resolved": "https://registry.npmjs.org/@fastify/busboy/-/busboy-3.2.1.tgz",
      "integrity": "sha512-tgK4O+57iz5ycYNGXE5ZWj1ES03lD2XnnBYWSbU/3wYZRMQzCUq7Ycds/RdyBZQeL5MU4fxBt6lzbIWf/Bickw==",
      "license": "MIT"
    }
  }
}
