{
  "name": "multipart-stream",
  "lockfileVersion": 3,
  "requires": true,
  "packages": {
    "": {
      "dependencies": {
        "mixpart": "^0.0.6"
      }
    },
    "node_modules/mixpart": {
      "version": "0.0.6",
      "resolved": "https://registry.npmjs.org/mixpart/-/mixpart-0.0.6.tgz",
      "integrity": "sha512-CRdXtgfQH2jARmtNmPR0Q7jL20fiESbaYk1b0KvLD0jCdUuemepREtsbd8nbiY6BHV9OGGddAZITNXklupUPUQ==",
      "license": "MIT",
      "engines": {
        "node": ">=20.0.0"
      }
    }
  }
}
